
Microsoft Visual Studio Solution File, Format Version 12.00
# Visual Studio Version 17
VisualStudioVersion = 17.14.36429.23 d17.14
MinimumVisualStudioVersion = 10.0.40219.1
Project("{FAE04EC0-301F-11D3-BF4B-00C04F79EFBC}") = "WebApplication1", "WebApplication1\WebApplication1.csproj", "{D6B6E6B3-B7CF-41A0-AC76-D16211F58A75}"
EndProject
Global
	GlobalSection(SolutionConfigurationPlatforms) = preSolution
		Debug|Any CPU = Debug|Any CPU
		Release|Any CPU = Release|Any CPU
	EndGlobalSection
	GlobalSection(ProjectConfigurationPlatforms) = postSolution
		{D6B6E6B3-B7CF-41A0-AC76-D16211F58A75}.Debug|Any CPU.ActiveCfg = Debug|Any CPU
		{D6B6E6B3-B7CF-41A0-AC76-D16211F58A75}.Debug|Any CPU.Build.0 = Debug|Any CPU
		{D6B6E6B3-B7CF-41A0-AC76-D16211F58A75}.Release|Any CPU.ActiveCfg = Release|Any CPU
		{D6B6E6B3-B7CF-41A0-AC76-D16211F58A75}.Release|Any CPU.Build.0 = Release|Any CPU
	EndGlobalSection
	GlobalSection(SolutionProperties) = preSolution
		HideSolutionNode = FALSE
	EndGlobalSection
	GlobalSection(ExtensibilityGlobals) = postSolution
		SolutionGuid = {47360C48-24FB-4C3B-9728-E26657784CDD}
	EndGlobalSection
EndGlobal
